
Microsoft Visual Studio Solution File, Format Version 12.00
# Visual Studio 15
VisualStudioVersion = 15.0.27004.2010
MinimumVisualStudioVersion = 10.0.40219.1
Project("{FAE04EC0-301F-11D3-BF4B-00C04F79EFBC}") = "MedienkurseTestCLI", "MedienkurseTestCLI\MedienkurseTestCLI.csproj", "{7240E2B1-4F20-484C-B65F-7B5E335A3CAA}"
EndProject
Global
	GlobalSection(SolutionConfigurationPlatforms) = preSolution
		Debug|Any CPU = Debug|Any CPU
		Release|Any CPU = Release|Any CPU
	EndGlobalSection
	GlobalSection(ProjectConfigurationPlatforms) = postSolution
		{7240E2B1-4F20-484C-B65F-7B5E335A3CAA}.Debug|Any CPU.ActiveCfg = Debug|Any CPU
		{7240E2B1-4F20-484C-B65F-7B5E335A3CAA}.Debug|Any CPU.Build.0 = Debug|Any CPU
		{7240E2B1-4F20-484C-B65F-7B5E335A3CAA}.Release|Any CPU.ActiveCfg = Release|Any CPU
		{7240E2B1-4F20-484C-B65F-7B5E335A3CAA}.Release|Any CPU.Build.0 = Release|Any CPU
	EndGlobalSection
	GlobalSection(SolutionProperties) = preSolution
		HideSolutionNode = FALSE
	EndGlobalSection
	GlobalSection(ExtensibilityGlobals) = postSolution
		SolutionGuid = {5791D832-CA62-4B7D-8C28-DA5BAAE1A7DA}
	EndGlobalSection
EndGlobal
